Microsoft Visual Studio Solution File, Format Version 11.00
# Visual Studio 2008

Project("{422B75C6-997F-66CD-5DA6-5BA3AC858548}") = "ProjectX_Phone", "Assembly-CSharp.csproj", "{9BB6AAE4-410A-03C2-48F2-B09F538EB0F5}"
EndProject
Global
	GlobalSection(SolutionConfigurationPlatforms) = preSolution
		Debug|Any CPU = Debug|Any CPU
		Release|Any CPU = Release|Any CPU
	EndGlobalSection
	GlobalSection(ProjectConfigurationPlatforms) = postSolution
		{9BB6AAE4-410A-03C2-48F2-B09F538EB0F5}.Debug|Any CPU.ActiveCfg = Debug|Any CPU
		{9BB6AAE4-410A-03C2-48F2-B09F538EB0F5}.Debug|Any CPU.Build.0 = Debug|Any CPU
		{9BB6AAE4-410A-03C2-48F2-B09F538EB0F5}.Release|Any CPU.ActiveCfg = Release|Any CPU
		{9BB6AAE4-410A-03C2-48F2-B09F538EB0F5}.Release|Any CPU.Build.0 = Release|Any CPU
	EndGlobalSection
	GlobalSection(SolutionProperties) = preSolution
		HideSolutionNode = FALSE
	EndGlobalSection
	GlobalSection(MonoDevelopProperties) = preSolution
		StartupItem = Assembly-CSharp.csproj
	EndGlobalSection
EndGlobal
